
Microsoft Visual Studio Solution File, Format Version 12.00
# Visual Studio Version 17
VisualStudioVersion = 17.4.33213.308
MinimumVisualStudioVersion = 10.0.40219.1
Project("{FAE04EC0-301F-11D3-BF4B-00C04F79EFBC}") = "Vista", "Vista\Vista.csproj", "{8BE63066-3FFB-4181-AF4E-C2187050C5EE}"
EndProject
Project("{FAE04EC0-301F-11D3-BF4B-00C04F79EFBC}") = "Entidades", "Entidades\Entidades.csproj", "{712CE0C1-78E6-4C17-9AE9-39FFEAF08C92}"
EndProject
Project("{FAE04EC0-301F-11D3-BF4B-00C04F79EFBC}") = "Datos", "Datos\Datos.csproj", "{CF3B9AA3-31F1-4C19-97CA-8565136F6BF0}"
EndProject
Global
	GlobalSection(SolutionConfigurationPlatforms) = preSolution
		Debug|Any CPU = Debug|Any CPU
		Release|Any CPU = Release|Any CPU
	EndGlobalSection
	GlobalSection(ProjectConfigurationPlatforms) = postSolution
		{8BE63066-3FFB-4181-AF4E-C2187050C5EE}.Debug|Any CPU.ActiveCfg = Debug|Any CPU
		{8BE63066-3FFB-4181-AF4E-C2187050C5EE}.Debug|Any CPU.Build.0 = Debug|Any CPU
		{8BE63066-3FFB-4181-AF4E-C2187050C5EE}.Release|Any CPU.ActiveCfg = Release|Any CPU
		{8BE63066-3FFB-4181-AF4E-C2187050C5EE}.Release|Any CPU.Build.0 = Release|Any CPU
		{712CE0C1-78E6-4C17-9AE9-39FFEAF08C92}.Debug|Any CPU.ActiveCfg = Debug|Any CPU
		{712CE0C1-78E6-4C17-9AE9-39FFEAF08C92}.Debug|Any CPU.Build.0 = Debug|Any CPU
		{712CE0C1-78E6-4C17-9AE9-39FFEAF08C92}.Release|Any CPU.ActiveCfg = Release|Any CPU
		{712CE0C1-78E6-4C17-9AE9-39FFEAF08C92}.Release|Any CPU.Build.0 = Release|Any CPU
		{CF3B9AA3-31F1-4C19-97CA-8565136F6BF0}.Debug|Any CPU.ActiveCfg = Debug|Any CPU
		{CF3B9AA3-31F1-4C19-97CA-8565136F6BF0}.Debug|Any CPU.Build.0 = Debug|Any CPU
		{CF3B9AA3-31F1-4C19-97CA-8565136F6BF0}.Release|Any CPU.ActiveCfg = Release|Any CPU
		{CF3B9AA3-31F1-4C19-97CA-8565136F6BF0}.Release|Any CPU.Build.0 = Release|Any CPU
	EndGlobalSection
	GlobalSection(SolutionProperties) = preSolution
		HideSolutionNode = FALSE
	EndGlobalSection
	GlobalSection(ExtensibilityGlobals) = postSolution
		SolutionGuid = {02594FC7-7FBF-4641-AA0A-6954767A921A}
	EndGlobalSection
EndGlobal
